[[package]]
category = "main"
description = "Bash tab completion for argparse"
name = "argcomplete"
optional = false
python-versions = "*"
version = "1.9.3"

[[package]]
category = "main"
description = "Atomic file writes."
name = "atomicwrites"
optional = false
python-versions = ">=2.7, !=3.0.*, !=3.1.*, !=3.2.*, !=3.3.*"
version = "1.3.0"

[[package]]
category = "main"
description = "Classes Without Boilerplate"
name = "attrs"
optional = false
python-versions = ">=2.7, !=3.0.*, !=3.1.*, !=3.2.*, !=3.3.*"
version = "19.1.0"

[[package]]
category = "main"
description = "Bootstrap helper for Flask/Jinja2."
name = "bootstrap-flask"
optional = false
python-versions = "*"
version = "1.1.0"

[package.dependencies]
Flask = "*"

[[package]]
category = "main"
description = "The AWS SDK for Python"
name = "boto3"
optional = false
python-versions = "*"
version = "1.9.225"

[package.dependencies]
botocore = ">=1.12.225,<1.13.0"
jmespath = ">=0.7.1,<1.0.0"
s3transfer = ">=0.2.0,<0.3.0"

[[package]]
category = "main"
description = "Low-level, data-driven core of boto 3."
name = "botocore"
optional = false
python-versions = "*"
version = "1.12.225"

[package.dependencies]
docutils = ">=0.10,<0.16"
jmespath = ">=0.7.1,<1.0.0"

[package.dependencies.python-dateutil]
python = ">=2.7"
version = ">=2.1,<3.0.0"

[package.dependencies.urllib3]
python = ">=3.4"
version = ">=1.20,<1.26"

[[package]]
category = "main"
description = "Extensible memoizing collections and decorators"
name = "cachetools"
optional = false
python-versions = "*"
version = "3.1.1"

[[package]]
category = "main"
description = "Python package for providing Mozilla's CA Bundle."
name = "certifi"
optional = false
python-versions = "*"
version = "2019.6.16"

[[package]]
category = "main"
description = "Convert AWS CloudFormation templates between JSON and YAML formats"
name = "cfn-flip"
optional = false
python-versions = "*"
version = "1.2.1"

[package.dependencies]
Click = "*"
PyYAML = ">=4.1"
six = "*"

[[package]]
category = "main"
description = "Universal encoding detector for Python 2 and 3"
name = "chardet"
optional = false
python-versions = "*"
version = "3.0.4"

[[package]]
category = "main"
description = "Composable command line interface toolkit"
name = "click"
optional = false
python-versions = ">=2.7, !=3.0.*, !=3.1.*, !=3.2.*, !=3.3.*"
version = "7.0"

[[package]]
category = "main"
description = "Cross-platform colored terminal text."
marker = "sys_platform == \"win32\""
name = "colorama"
optional = false
python-versions = ">=2.7, !=3.0.*, !=3.1.*, !=3.2.*, !=3.3.*"
version = "0.4.1"

[[package]]
category = "main"
description = "A backport of the dataclasses module for Python 3.6"
name = "dataclasses"
optional = false
python-versions = "*"
version = "0.6"

[[package]]
category = "main"
description = "The Datadog Python library"
name = "datadog"
optional = false
python-versions = "*"
version = "0.29.3"

[package.dependencies]
decorator = ">=3.3.2"
requests = ">=2.6.0"

[[package]]
category = "main"
description = "Better living through Python with decorators"
name = "decorator"
optional = false
python-versions = ">=2.6, !=3.0.*, !=3.1.*"
version = "4.4.0"

[[package]]
category = "main"
description = "Docutils -- Python Documentation Utilities"
name = "docutils"
optional = false
python-versions = ">=2.6, !=3.0.*, !=3.1.*, !=3.2.*"
version = "0.15.2"

[[package]]
category = "main"
description = "Module for converting between datetime.timedelta and Go's Duration strings."
name = "durationpy"
optional = false
python-versions = "*"
version = "0.5"

[[package]]
category = "main"
description = "A simple framework for building complex web applications."
name = "flask"
optional = false
python-versions = ">=2.7, !=3.0.*, !=3.1.*, !=3.2.*, !=3.3.*, !=3.4.*"
version = "1.1.1"

[package.dependencies]
Jinja2 = ">=2.10.1"
Werkzeug = ">=0.15"
click = ">=5.1"
itsdangerous = ">=0.24"

[[package]]
category = "main"
description = "Clean single-source support for Python 3 and 2"
name = "future"
optional = false
python-versions = "*"
version = "0.16.0"

[[package]]
category = "main"
description = "Google API client core library"
name = "google-api-core"
optional = false
python-versions = ">=2.7,!=3.0.*,!=3.1.*,!=3.2.*,!=3.3.*"
version = "1.14.2"

[package.dependencies]
google-auth = ">=0.4.0,<2.0dev"
googleapis-common-protos = ">=1.6.0,<2.0dev"
grpcio = ">=1.8.2,<2.0dev"
protobuf = ">=3.4.0"
pytz = "*"
requests = ">=2.18.0,<3.0.0dev"
setuptools = ">=34.0.0"
six = ">=1.10.0"

[[package]]
category = "main"
description = "Google Authentication Library"
name = "google-auth"
optional = false
python-versions = ">=2.7,!=3.0.*,!=3.1.*,!=3.2.*,!=3.3.*"
version = "1.6.3"

[package.dependencies]
cachetools = ">=2.0.0"
pyasn1-modules = ">=0.2.1"
rsa = ">=3.1.4"
six = ">=1.9.0"

[[package]]
category = "main"
description = "Google Cloud API client core library"
name = "google-cloud-core"
optional = false
python-versions = ">=2.7,!=3.0.*,!=3.1.*,!=3.2.*,!=3.3.*"
version = "1.0.3"

[package.dependencies]
google-api-core = ">=1.14.0,<2.0.0dev"

[[package]]
category = "main"
description = "Stackdriver Logging API client library"
name = "google-cloud-logging"
optional = false
python-versions = ">=2.7,!=3.0.*,!=3.1.*,!=3.2.*,!=3.3.*"
version = "1.12.1"

[package.dependencies]
google-api-core = ">=1.14.0,<2.0.0dev"
google-cloud-core = ">=1.0.0,<2.0dev"

[[package]]
category = "main"
description = "Common protobufs used in Google APIs"
name = "googleapis-common-protos"
optional = false
python-versions = "*"
version = "1.6.0"

[package.dependencies]
protobuf = ">=3.6.0"

[[package]]
category = "main"
description = "HTTP/2-based RPC framework"
marker = "extra == \"grpc\""
name = "grpcio"
optional = false
python-versions = "*"
version = "1.23.0"

[package.dependencies]
six = ">=1.5.2"

[[package]]
category = "main"
description = "Hjson, a user interface for JSON."
name = "hjson"
optional = false
python-versions = "*"
version = "3.0.1"

[[package]]
category = "main"
description = "Internationalized Domain Names in Applications (IDNA)"
name = "idna"
optional = false
python-versions = ">=2.7, !=3.0.*, !=3.1.*, !=3.2.*, !=3.3.*"
version = "2.8"

[[package]]
category = "main"
description = "Read metadata from Python packages"
name = "importlib-metadata"
optional = false
python-versions = ">=2.7,!=3.0,!=3.1,!=3.2,!=3.3"
version = "0.20"

[package.dependencies]
zipp = ">=0.5"

[[package]]
category = "main"
description = "Various helpers to pass data to untrusted environments and back."
name = "itsdangerous"
optional = false
python-versions = ">=2.7, !=3.0.*, !=3.1.*, !=3.2.*, !=3.3.*"
version = "1.1.0"

[[package]]
category = "main"
description = "A small but fast and easy to use stand-alone template engine written in pure python."
name = "jinja2"
optional = false
python-versions = "*"
version = "2.10.1"

[package.dependencies]
MarkupSafe = ">=0.23"

[[package]]
category = "main"
description = "JSON Matching Expressions"
name = "jmespath"
optional = false
python-versions = "*"
version = "0.9.3"

[[package]]
category = "main"
description = "A CLI tool for AWS Lambda developers"
name = "kappa"
optional = false
python-versions = "*"
version = "0.6.0"

[package.dependencies]
PyYAML = ">=3.11"
boto3 = ">=1.2.3"
click = ">=5.1"
placebo = ">=0.8.1"

[[package]]
category = "main"
description = "AWS Lambda Packages"
name = "lambda-packages"
optional = false
python-versions = "*"
version = "0.20.0"

[[package]]
category = "main"
description = "Safely add untrusted strings to HTML/XML markup."
name = "markupsafe"
optional = false
python-versions = ">=2.7,!=3.0.*,!=3.1.*,!=3.2.*,!=3.3.*"
version = "1.1.1"

[[package]]
category = "main"
description = "More routines for operating on iterables, beyond itertools"
name = "more-itertools"
optional = false
python-versions = ">=3.4"
version = "7.2.0"

[[package]]
category = "main"
description = "NumPy is the fundamental package for array computing with Python."
name = "numpy"
optional = false
python-versions = ">=3.5"
version = "1.17.2"

[[package]]
category = "main"
description = "A generic, spec-compliant, thorough implementation of the OAuth request-signing logic"
name = "oauthlib"
optional = false
python-versions = ">=2.7, !=3.0.*, !=3.1.*, !=3.2.*, !=3.3.*"
version = "3.1.0"

[[package]]
category = "main"
description = ""
name = "overtrack-models"
optional = false
python-versions = "^3.6"
version = "0.1.0"

[package.dependencies]
pynamodb = "^4.0"

[package.source]
reference = "1167b26f79976e4c3eec062cee102c8a22866921"
type = "git"
url = "git@gitlab.com:OverTrack/overtrack-models.git"
[[package]]
category = "main"
description = "Core utilities for Python packages"
name = "packaging"
optional = false
python-versions = ">=2.7, !=3.0.*, !=3.1.*, !=3.2.*, !=3.3.*"
version = "19.1"

[package.dependencies]
attrs = "*"
pyparsing = ">=2.0.2"
six = "*"

[[package]]
category = "main"
description = "Make boto3 calls that look real but have no effect"
name = "placebo"
optional = false
python-versions = "*"
version = "0.9.0"

[[package]]
category = "main"
description = "plugin and hook calling mechanisms for python"
name = "pluggy"
optional = false
python-versions = ">=2.7, !=3.0.*, !=3.1.*, !=3.2.*, !=3.3.*"
version = "0.12.0"

[package.dependencies]
importlib-metadata = ">=0.12"

[[package]]
category = "main"
description = "Protocol Buffers"
name = "protobuf"
optional = false
python-versions = "*"
version = "3.9.1"

[package.dependencies]
setuptools = "*"
six = ">=1.9"

[[package]]
category = "main"
description = "library with cross-python path, ini-parsing, io, code, log facilities"
name = "py"
optional = false
python-versions = ">=2.7, !=3.0.*, !=3.1.*, !=3.2.*, !=3.3.*"
version = "1.8.0"

[[package]]
category = "main"
description = "ASN.1 types and codecs"
name = "pyasn1"
optional = false
python-versions = "*"
version = "0.4.7"

[[package]]
category = "main"
description = "A collection of ASN.1-based protocols modules."
name = "pyasn1-modules"
optional = false
python-versions = "*"
version = "0.2.6"

[package.dependencies]
pyasn1 = ">=0.4.6,<0.5.0"

[[package]]
category = "main"
description = "JSON Web Token implementation in Python"
name = "pyjwt"
optional = false
python-versions = "*"
version = "1.7.1"

[[package]]
category = "main"
description = "A Pythonic Interface to DynamoDB"
name = "pynamodb"
optional = false
python-versions = "*"
version = "4.0.0"

[package.dependencies]
botocore = ">=1.12.54"
python-dateutil = ">=2.1,<3.0.0"
six = "*"

[[package]]
category = "main"
description = "Python parsing module"
name = "pyparsing"
optional = false
python-versions = ">=2.6, !=3.0.*, !=3.1.*, !=3.2.*"
version = "2.4.2"

[[package]]
category = "main"
description = "pytest: simple powerful testing with Python"
name = "pytest"
optional = false
python-versions = ">=2.7, !=3.0.*, !=3.1.*, !=3.2.*, !=3.3.*"
version = "4.6.5"

[package.dependencies]
atomicwrites = ">=1.0"
attrs = ">=17.4.0"
colorama = "*"
importlib-metadata = ">=0.12"
packaging = "*"
pluggy = ">=0.12,<1.0"
py = ">=1.5.0"
six = ">=1.10.0"
wcwidth = "*"

[package.dependencies.more-itertools]
python = ">=2.8"
version = ">=4.0.0"

[[package]]
category = "main"
description = "Extensions to the standard Python datetime module"
name = "python-dateutil"
optional = false
python-versions = "*"
version = "2.6.1"

[package.dependencies]
six = ">=1.5"

[[package]]
category = "main"
description = "A Python Slugify application that handles Unicode"
name = "python-slugify"
optional = false
python-versions = "*"
version = "1.2.4"

[package.dependencies]
Unidecode = ">=0.04.16"

[[package]]
category = "main"
description = "World timezone definitions, modern and historical"
name = "pytz"
optional = false
python-versions = "*"
version = "2019.2"

[[package]]
category = "main"
description = "YAML parser and emitter for Python"
name = "pyyaml"
optional = false
python-versions = ">=2.7, !=3.0.*, !=3.1.*, !=3.2.*, !=3.3.*"
version = "5.1.2"

[[package]]
category = "main"
description = "Python HTTP for Humans."
name = "requests"
optional = false
python-versions = ">=2.7, !=3.0.*, !=3.1.*, !=3.2.*, !=3.3.*, !=3.4.*"
version = "2.22.0"

[package.dependencies]
certifi = ">=2017.4.17"
chardet = ">=3.0.2,<3.1.0"
idna = ">=2.5,<2.9"
urllib3 = ">=1.21.1,<1.25.0 || >1.25.0,<1.25.1 || >1.25.1,<1.26"

[[package]]
category = "main"
description = "OAuthlib authentication support for Requests."
name = "requests-oauthlib"
optional = false
python-versions = ">=2.7, !=3.0.*, !=3.1.*, !=3.2.*, !=3.3.*"
version = "1.2.0"

[package.dependencies]
oauthlib = ">=3.0.0"
requests = ">=2.0.0"

[[package]]
category = "main"
description = "Pure-Python RSA implementation"
name = "rsa"
optional = false
python-versions = "*"
version = "4.0"

[package.dependencies]
pyasn1 = ">=0.1.3"

[[package]]
category = "main"
description = "An Amazon S3 Transfer Manager"
name = "s3transfer"
optional = false
python-versions = "*"
version = "0.2.1"

[package.dependencies]
botocore = ">=1.12.36,<2.0.0"

[[package]]
category = "main"
description = "Python client for Sentry (https://getsentry.com)"
name = "sentry-sdk"
optional = false
python-versions = "*"
version = "0.11.2"

[package.dependencies]
certifi = "*"
urllib3 = "*"

[[package]]
category = "main"
description = "A generator library for concise, unambiguous and URL-safe UUIDs."
name = "shortuuid"
optional = false
python-versions = "*"
version = "0.5.0"

[[package]]
category = "main"
description = "Python 2 and 3 compatibility utilities"
name = "six"
optional = false
python-versions = ">=2.6, !=3.0.*, !=3.1.*"
version = "1.12.0"

[[package]]
category = "main"
description = "Python bindings for the Stripe API"
name = "stripe"
optional = false
python-versions = ">=2.7, !=3.0.*, !=3.1.*, !=3.2.*, !=3.3.*"
version = "2.35.1"

[package.dependencies]
[package.dependencies.requests]
python = ">=3.0"
version = ">=2.20"

[[package]]
category = "main"
description = "Python Library for Tom's Obvious, Minimal Language"
name = "toml"
optional = false
python-versions = "*"
version = "0.10.0"

[[package]]
category = "main"
description = "Fast, Extensible Progress Meter"
name = "tqdm"
optional = false
python-versions = "*"
version = "4.19.1"

[[package]]
category = "main"
description = "AWS CloudFormation creation library"
name = "troposphere"
optional = false
python-versions = ">=2.7, !=3.0.*, !=3.1.*, !=3.2.*, !=3.3.*"
version = "2.5.1"

[package.dependencies]
cfn_flip = ">=1.0.2"

[[package]]
category = "main"
description = "Load and dump data from json-like format into typed data structures"
name = "typedload"
optional = false
python-versions = "*"
version = "1.17"

[[package]]
category = "main"
description = "ASCII transliterations of Unicode text"
name = "unidecode"
optional = false
python-versions = ">=2.7, !=3.0.*, !=3.1.*, !=3.2.*, !=3.3.*"
version = "1.1.1"

[[package]]
category = "main"
description = "HTTP library with thread-safe connection pooling, file post, and more."
name = "urllib3"
optional = false
python-versions = ">=2.7, !=3.0.*, !=3.1.*, !=3.2.*, !=3.3.*, <4"
version = "1.25.3"

[[package]]
category = "main"
description = "Measures number of Terminal column cells of wide-character codes"
name = "wcwidth"
optional = false
python-versions = "*"
version = "0.1.7"

[[package]]
category = "main"
description = "The comprehensive WSGI web application library."
name = "werkzeug"
optional = false
python-versions = ">=2.7, !=3.0.*, !=3.1.*, !=3.2.*, !=3.3.*"
version = "0.15.6"

[[package]]
category = "main"
description = "A built-package format for Python."
name = "wheel"
optional = false
python-versions = ">=2.7, !=3.0.*, !=3.1.*, !=3.2.*, !=3.3.*"
version = "0.33.6"

[[package]]
category = "main"
description = "Apache-like combined logging for WSGI Web Applications"
name = "wsgi-request-logger"
optional = false
python-versions = "*"
version = "0.4.6"

[[package]]
category = "main"
description = "Server-less Python Web Services for AWS Lambda and API Gateway"
name = "zappa"
optional = false
python-versions = "*"
version = "0.48.2"

[package.dependencies]
PyYAML = ">=3.13"
Werkzeug = ">=0.14"
argcomplete = "1.9.3"
boto3 = ">=1.4.7"
botocore = ">=1.7.19"
docutils = ">=0.12"
durationpy = "0.5"
future = "0.16.0"
hjson = "3.0.1"
jmespath = "0.9.3"
kappa = "0.6.0"
lambda-packages = "0.20.0"
pip = ">=9.0.1"
python-dateutil = ">=2.6.1,<2.7.0"
python-slugify = "1.2.4"
requests = ">=2.20.0"
six = ">=1.11.0"
toml = ">=0.9.4"
tqdm = "4.19.1"
troposphere = ">=1.9.0"
wheel = ">=0.30.0"
wsgi-request-logger = "0.4.6"

[[package]]
category = "main"
description = "Backport of pathlib-compatible object wrapper for zip files"
name = "zipp"
optional = false
python-versions = ">=2.7"
version = "0.6.0"

[package.dependencies]
more-itertools = "*"

[metadata]
content-hash = "7dd12b909ed4a31caa09db530eb82fe80770bf9e6b642d27a67533e15c6d56d8"
python-versions = "^3.6"

[metadata.hashes]
argcomplete = ["c079ceb0b72d4d4e03531ed77e6071babb9d42c3f790d7def2c41295b4990b44", "d97b7f3cfaa4e494ad59ed6d04c938fc5ed69b590bd8f53274e258fb1119bd1b"]
atomicwrites = ["03472c30eb2c5d1ba9227e4c2ca66ab8287fbfbbda3888aa93dc2e28fc6811b4", "75a9445bac02d8d058d5e1fe689654ba5a6556a1dfd8ce6ec55a0ed79866cfa6"]
attrs = ["69c0dbf2ed392de1cb5ec704444b08a5ef81680a61cb899dc08127123af36a79", "f0b870f674851ecbfbbbd364d6b5cbdff9dcedbc7f3f5e18a6891057f21fe399"]
bootstrap-flask = ["5db386dc1e032a20b08d67aab141035b40f97ea5b6ec6204e9a455c5a458302a"]
boto3 = ["0c4b88af2bf774992cba6361f0af30ca7c7e9fa0dc0f849f241e73edfdeab2b9", "97114b6d43c691c7314f461b74da20aaffcc6dc6afaa47ad22b0bc383b112d8a"]
botocore = ["e6d17290add0a5e8510af92b26ede437bd618f211bc40ad3e4cdf1e7e478b44c", "fe4c216f1d35d0b368d1916d9e8e7f1933deb80d52d8f84a5d2797a810deef5c"]
cachetools = ["428266a1c0d36dc5aca63a2d7c5942e88c2c898d72139fca0e97fdd2380517ae", "8ea2d3ce97850f31e4a08b0e2b5e6c34997d7216a9d2c98e0f3978630d4da69a"]
certifi = ["046832c04d4e752f37383b628bc601a7ea7211496b4638f6514d0e5b9acc4939", "945e3ba63a0b9f577b1395204e13c3a231f9bc0223888be653286534e5873695"]
cfn-flip = ["3660e488411ba0ded256992292b16a830811626293418cdb5db7290e8f40b6ac", "43e73032afeb5f87b78958e13159e676e99db698033b8de2f0433657388c46aa"]
chardet = ["84ab92ed1c4d4f16916e05906b6b75a6c0fb5db821cc65e70cbd64a3e2a5eaae", "fc323ffcaeaed0e0a02bf4d117757b98aed530d9ed4531e3e15460124c106691"]
click = ["2335065e6395b9e67ca716de5f7526736bfa6ceead690adf616d925bdc622b13", "5b94b49521f6456670fdb30cd82a4eca9412788a93fa6dd6df72c94d5a8ff2d7"]
colorama = ["05eed71e2e327246ad6b38c540c4a3117230b19679b875190486ddd2d721422d", "f8ac84de7840f5b9c4e3347b3c1eaa50f7e49c2b07596221daec5edaabbd7c48"]
dataclasses = ["454a69d788c7fda44efd71e259be79577822f5e3f53f029a22d08004e951dc9f", "6988bd2b895eef432d562370bb707d540f32f7360ab13da45340101bc2307d84"]
datadog = ["0e33727bd9ef0b8201359accdf12f61fb58ab541bf4062693aca16653f8e7a0a", "995e51d142ae3624c86c78369b268f23386bb207df5345d718c241718387875c"]
decorator = ["86156361c50488b84a3f148056ea716ca587df2f0de1d34750d35c21312725de", "f069f3a01830ca754ba5258fde2278454a0b5b79e0d7f5c13b3b97e57d4acff6"]
docutils = ["6c4f696463b79f1fb8ba0c594b63840ebd41f059e92b31957c46b74a4599b6d0", "9e4d7ecfc600058e07ba661411a2b7de2fd0fafa17d1a7f7361cd47b1175c827", "a2aeea129088da402665e92e0b25b04b073c04b2dce4ab65caaa38b7ce2e1a99"]
durationpy = ["5ef9416b527b50d722f34655becfb75e49228eb82f87b855ed1911b3314b5408"]
flask = ["13f9f196f330c7c2c5d7a5cf91af894110ca0215ac051b5844701f2bfd934d52", "45eb5a6fd193d6cf7e0cf5d8a5b31f83d5faae0293695626f539a823e93b13f6"]
future = ["e39ced1ab767b5936646cedba8bcce582398233d6a627067d4c6a454c90cfedb"]
google-api-core = ["2c23fbc81c76b941ffb71301bb975ed66a610e9b03f918feacd1ed59cf43a6ec", "b2b91107bcc3b981633c89602b46451f6474973089febab3ee51c49cb7ae6a1f"]
google-auth = ["0f7c6a64927d34c1a474da92cfc59e552a5d3b940d3266606c6a28b72888b9e4", "20705f6803fd2c4d1cc2dcb0df09d4dfcb9a7d51fd59e94a3a28231fd93119ed"]
google-cloud-core = ["0ee17abc74ff02176bee221d4896a00a3c202f3fb07125a7d814ccabd20d7eb5", "10750207c1a9ad6f6e082d91dbff3920443bdaf1c344a782730489a9efa802f1"]
google-cloud-logging = ["b6f9ec96ee8b6ebcdb8ed668203781e1ee154d96035cf2dce0328cbe2f8633b4", "c7cc02d029f8e66d194a3165ca0a33e2f4b93c1b062ed3261586e2e9dd5f62b0"]
googleapis-common-protos = ["e61b8ed5e36b976b487c6e7b15f31bb10c7a0ca7bd5c0e837f4afab64b53a0c6"]
grpcio = ["1303578092f1f6e4bfbc354c04ac422856c393723d3ffa032fff0f7cb5cfd693", "229c6b313cd82bec8f979b059d87f03cc1a48939b543fe170b5a9c5cf6a6bc69", "3cd3d99a8b5568d0d186f9520c16121a0f2a4bcad8e2b9884b76fb88a85a7774", "41cfb222db358227521f9638a6fbc397f310042a4db5539a19dea01547c621cd", "43330501660f636fd6547d1e196e395cd1e2c2ae57d62219d6184a668ffebda0", "45d7a2bd8b4f25a013296683f4140d636cdbb507d94a382ea5029a21e76b1648", "47dc935658a13b25108823dabd010194ddea9610357c5c1ef1ad7b3f5157ebee", "480aa7e2b56238badce0b9413a96d5b4c90c3bfbd79eba5a0501e92328d9669e", "4a0934c8b0f97e1d8c18e76c45afc0d02d33ab03125258179f2ac6c7a13f3626", "5624dab19e950f99e560400c59d87b685809e4cfcb2c724103f1ab14c06071f7", "60515b1405bb3dadc55e6ca99429072dad3e736afcf5048db5452df5572231ff", "610f97ebae742a57d336a69b09a9c7d7de1f62aa54aaa8adc635b38f55ba4382", "64ea189b2b0859d1f7b411a09185028744d494ef09029630200cc892e366f169", "686090c6c1e09e4f49585b8508d0a31d58bc3895e4049ea55b197d1381e9f70f", "7745c365195bb0605e3d47b480a2a4d1baa8a41a5fd0a20de5fa48900e2c886a", "79491e0d2b77a1c438116bf9e5f9e2e04e78b78524615e2ce453eff62db59a09", "825177dd4c601c487836b7d6b4ba268db59787157911c623ba59a7c03c8d3adc", "8a060e1f72fb94eee8a035ed29f1201ce903ad14cbe27bda56b4a22a8abda045", "90168cc6353e2766e47b650c963f21cfff294654b10b3a14c67e26a4e3683634", "94b7742734bceeff6d8db5edb31ac844cb68fc7f13617eca859ff1b78bb20ba1", "962aebf2dd01bbb2cdb64580e61760f1afc470781f9ecd5fe8f3d8dcd8cf4556", "9c8d9eacdce840b72eee7924c752c31b675f8aec74790e08cff184a4ea8aa9c1", "af5b929debc336f6bab9b0da6915f9ee5e41444012aed6a79a3c7e80d7662fdf", "b9cdb87fc77e9a3eabdc42a512368538d648fa0760ad30cf97788076985c790a", "c5e6380b90b389454669dc67d0a39fb4dc166416e01308fcddd694236b8329ef", "d60c90fe2bfbee735397bf75a2f2c4e70c5deab51cd40c6e4fa98fae018c8db6", "d8582c8b1b1063249da1588854251d8a91df1e210a328aeb0ece39da2b2b763b", "ddbf86ba3aa0ad8fed2867910d2913ee237d55920b55f1d619049b3399f04efc", "e46bc0664c5c8a0545857aa7a096289f8db148e7f9cca2d0b760113e8994bddc", "f6437f70ec7fed0ca3a0eef1146591bb754b418bb6c6b21db74f0333d624e135", "f71693c3396530c6b00773b029ea85e59272557e9bd6077195a6593e4229892a", "f79f7455f8fbd43e8e9d61914ecf7f48ba1c8e271801996fef8d6a8f3cc9f39f"]
hjson = ["1d1727faa6aaef2973921877125a3ab7c5f6d34b93233179d01770f41fab51f9"]
idna = ["c357b3f628cf53ae2c4c05627ecc484553142ca23264e593d327bcde5e9c3407", "ea8b7f6188e6fa117537c3df7da9fc686d485087abf6ac197f9c46432f7e4a3c"]
importlib-metadata = ["9ff1b1c5a354142de080b8a4e9803e5d0d59283c93aed808617c787d16768375", "b7143592e374e50584564794fcb8aaf00a23025f9db866627f89a21491847a8d"]
itsdangerous = ["321b033d07f2a4136d3ec762eac9f16a10ccd60f53c0c91af90217ace7ba1f19", "b12271b2047cb23eeb98c8b5622e2e5c5e9abd9784a153e9d8ef9cb4dd09d749"]
jinja2 = ["065c4f02ebe7f7cf559e49ee5a95fb800a9e4528727aec6f24402a5374c65013", "14dd6caf1527abb21f08f86c784eac40853ba93edb79552aa1e4b8aef1b61c7b"]
jmespath = ["6a81d4c9aa62caf061cb517b4d9ad1dd300374cd4706997aff9cd6aedd61fc64", "f11b4461f425740a1d908e9a3f7365c3d2e569f6ca68a2ff8bc5bcd9676edd63"]
kappa = ["4b5b372872f25d619e427e04282551048dc975a107385b076b3ffc6406a15833", "4d6b7b3accce4a0aaaac92b36237a6304f0f2fffbbe3caea3f7c9f52d12c9989"]
lambda-packages = ["b5e3b81ecef5f7c1b0903b5c40813536ba2343a33868a567e4e4ff1e26243406"]
markupsafe = ["00bc623926325b26bb9605ae9eae8a215691f33cae5df11ca5424f06f2d1f473", "09027a7803a62ca78792ad89403b1b7a73a01c8cb65909cd876f7fcebd79b161", "09c4b7f37d6c648cb13f9230d847adf22f8171b1ccc4d5682398e77f40309235", "1027c282dad077d0bae18be6794e6b6b8c91d58ed8a8d89a89d59693b9131db5", "24982cc2533820871eba85ba648cd53d8623687ff11cbb805be4ff7b4c971aff", "29872e92839765e546828bb7754a68c418d927cd064fd4708fab9fe9c8bb116b", "43a55c2930bbc139570ac2452adf3d70cdbb3cfe5912c71cdce1c2c6bbd9c5d1", "46c99d2de99945ec5cb54f23c8cd5689f6d7177305ebff350a58ce5f8de1669e", "500d4957e52ddc3351cabf489e79c91c17f6e0899158447047588650b5e69183", "535f6fc4d397c1563d08b88e485c3496cf5784e927af890fb3c3aac7f933ec66", "62fe6c95e3ec8a7fad637b7f3d372c15ec1caa01ab47926cfdf7a75b40e0eac1", "6dd73240d2af64df90aa7c4e7481e23825ea70af4b4922f8ede5b9e35f78a3b1", "717ba8fe3ae9cc0006d7c451f0bb265ee07739daf76355d06366154ee68d221e", "79855e1c5b8da654cf486b830bd42c06e8780cea587384cf6545b7d9ac013a0b", "7c1699dfe0cf8ff607dbdcc1e9b9af1755371f92a68f706051cc8c37d447c905", "88e5fcfb52ee7b911e8bb6d6aa2fd21fbecc674eadd44118a9cc3863f938e735", "8defac2f2ccd6805ebf65f5eeb132adcf2ab57aa11fdf4c0dd5169a004710e7d", "98c7086708b163d425c67c7a91bad6e466bb99d797aa64f965e9d25c12111a5e", "9add70b36c5666a2ed02b43b335fe19002ee5235efd4b8a89bfcf9005bebac0d", "9bf40443012702a1d2070043cb6291650a0841ece432556f784f004937f0f32c", "ade5e387d2ad0d7ebf59146cc00c8044acbd863725f887353a10df825fc8ae21", "b00c1de48212e4cc9603895652c5c410df699856a2853135b3967591e4beebc2", "b1282f8c00509d99fef04d8ba936b156d419be841854fe901d8ae224c59f0be5", "b2051432115498d3562c084a49bba65d97cf251f5a331c64a12ee7e04dacc51b", "ba59edeaa2fc6114428f1637ffff42da1e311e29382d81b339c1817d37ec93c6", "c8716a48d94b06bb3b2524c2b77e055fb313aeb4ea620c8dd03a105574ba704f", "cd5df75523866410809ca100dc9681e301e3c27567cf498077e8551b6d20e42f", "e249096428b3ae81b08327a63a485ad0878de3fb939049038579ac0ef61e17e7"]
more-itertools = ["409cd48d4db7052af495b09dec721011634af3753ae1ef92d2b32f73a745f832", "92b8c4b06dac4f0611c0729b2f2ede52b2e1bac1ab48f089c7ddc12e26bb60c4"]
numpy = ["05dbfe72684cc14b92568de1bc1f41e5f62b00f714afc9adee42f6311738091f", "0d82cb7271a577529d07bbb05cb58675f2deb09772175fab96dc8de025d8ac05", "10132aa1fef99adc85a905d82e8497a580f83739837d7cbd234649f2e9b9dc58", "12322df2e21f033a60c80319c25011194cd2a21294cc66fee0908aeae2c27832", "16f19b3aa775dddc9814e02a46b8e6ae6a54ed8cf143962b4e53f0471dbd7b16", "3d0b0989dd2d066db006158de7220802899a1e5c8cf622abe2d0bd158fd01c2c", "438a3f0e7b681642898fd7993d38e2bf140a2d1eafaf3e89bb626db7f50db355", "5fd214f482ab53f2cea57414c5fb3e58895b17df6e6f5bca5be6a0bb6aea23bb", "73615d3edc84dd7c4aeb212fa3748fb83217e00d201875a47327f55363cef2df", "7bd355ad7496f4ce1d235e9814ec81ee3d28308d591c067ce92e49f745ba2c2f", "7d077f2976b8f3de08a0dcf5d72083f4af5411e8fddacd662aae27baa2601196", "a4092682778dc48093e8bda8d26ee8360153e2047826f95a3f5eae09f0ae3abf", "b458de8624c9f6034af492372eb2fee41a8e605f03f4732f43fc099e227858b2", "e70fc8ff03a961f13363c2c95ef8285e0cf6a720f8271836f852cc0fa64e97c8", "ee8e9d7cad5fe6dde50ede0d2e978d81eafeaa6233fb0b8719f60214cf226578", "f4a4f6aba148858a5a5d546a99280f71f5ee6ec8182a7d195af1a914195b21a2"]
oauthlib = ["bee41cc35fcca6e988463cacc3bcb8a96224f470ca547e697b604cc697b2f889", "df884cd6cbe20e32633f1db1072e9356f53638e4361bef4e8b03c9127c9328ea"]
overtrack-models = []
packaging = ["a7ac867b97fdc07ee80a8058fe4435ccd274ecc3b0ed61d852d7d53055528cf9", "c491ca87294da7cc01902edbe30a5bc6c4c28172b5138ab4e4aa1b9d7bfaeafe"]
placebo = ["03157f8527bbc2965b71b88f4a139ef8038618b346787f20d63e3c5da541b047"]
pluggy = ["0825a152ac059776623854c1543d65a4ad408eb3d33ee114dff91e57ec6ae6fc", "b9817417e95936bf75d85d3f8767f7df6cdde751fc40aed3bb3074cbcb77757c"]
protobuf = ["00a1b0b352dc7c809749526d1688a64b62ea400c5b05416f93cfb1b11a036295", "01acbca2d2c8c3f7f235f1842440adbe01bbc379fa1cbdd80753801432b3fae9", "0a795bca65987b62d6b8a2d934aa317fd1a4d06a6dd4df36312f5b0ade44a8d9", "0ec035114213b6d6e7713987a759d762dd94e9f82284515b3b7331f34bfaec7f", "31b18e1434b4907cb0113e7a372cd4d92c047ce7ba0fa7ea66a404d6388ed2c1", "32a3abf79b0bef073c70656e86d5bd68a28a1fbb138429912c4fc07b9d426b07", "55f85b7808766e5e3f526818f5e2aeb5ba2edcc45bcccede46a3ccc19b569cb0", "64ab9bc971989cbdd648c102a96253fdf0202b0c38f15bd34759a8707bdd5f64", "64cf847e843a465b6c1ba90fb6c7f7844d54dbe9eb731e86a60981d03f5b2e6e", "917c8662b585470e8fd42f052661fc66d59fccaae450a60044307dcbf82a3335", "afed9003d7f2be2c3df20f64220c30faec441073731511728a2cb4cab4cd46a6", "b883d7eb129b1b57c5128146bc7c2d1f15de457e96a549827fbee6f26eeedc46", "bf8e05d638b585d1752c5a84247134a0350d3a8b73d3632489a014a9f6f1e758", "d831b047bd69becaf64019a47179eb22118a50dd008340655266a906c69c6417", "de2760583ed28749ff885789c1cbc6c9c06d6de92fc825740ab99deb2f25ea4d", "eabc4cf1bc19689af8022ba52fd668564a8d96e0d08f3b4732d26a64255216a4", "fcff6086c86fb1628d94ea455c7b9de898afc50378042927a59df8065a79a549"]
py = ["64f65755aee5b381cea27766a3a147c3f15b9b6b9ac88676de66ba2ae36793fa", "dc639b046a6e2cff5bbe40194ad65936d6ba360b52b3c3fe1d08a82dd50b5e53"]
pyasn1 = ["1321d4b2f051410fe7302bb1619903d30b24ba1451d019c11d242d11b2a35444", "2860a047f666afd23b197a65f33145313511c368ce919b2d9b1853ffd3e9d32d", "2919babd43b3b44247c23201b71072c0c65a636daa595cad5bcd276094dbfc2d", "437a23121602c0bb6c65320b27e31e334ffd73a9ca5c6c075b66b6270b1a8184", "5a89df3c62688261e27439d5715fd0d3ca6bf7bf1067e2171642e92aff17e817", "62cdade8b5530f0b185e09855dd422bc05c0bbff6b72ff61381c09dac7befd8c", "67a43aec85f4ea96e72a7b22227ba7a45cf03b7297e1a53418be164bbf68335e", "813b198c169e9442f340743f77093435bf3e1de8d1731f3abc45d44afba17556", "96c44b5604e7674e53e27fce98f3fc68821d9546151b98842c27b533122649da", "a9495356ca1d66ed197a0f72b41eb1823cf7ea8b5bd07191673e8147aecf8604", "bcac468e38d16e94fee4c8f76eef1feb9a06a911e93465f2351a4140fa66d303", "c39d11c72f0e5e71faa35c8c8ef5ee9b810ec99a3c64f05133f1325fe5636bba", "f124185ccc1c1c5e782aa58d46bc28be279673a482334d70de6735d05d8b4b10"]
pyasn1-modules = ["256c234d85baf315f0e99786d812e68b816e4ee4b35bac982689198ff3df5a61", "3b350a01813f4878f4ebb3e7348d3753556b120145460a810e3121fe78925923", "43c17a83c155229839cc5c6b868e8d0c6041dba149789b6d6e28801c64821722", "525edd202cadbb014587e6e8a82a86424d4c92340222000b300cfd4041625f5a", "5965cb606a914b1b086f6ffdb9e526b5ec21cea81ba0bb75f3b807d5500dda1a", "75819dd99d1be4effd1322859ec8ac3fa7c7503fec0acbce6985b2aae41aa838", "a00100a99dcc71a97b2291fcac868a39f32a72cc54d86a4e5504b34b2f5f8584", "a480489471e67c579f49057a10879cc9a787b64a84af00ed2ed3f68a652b0197", "b3899b59d6c6b4e91e9c5278ec49c0adb971349ef9c3531ae67149e3bb0b272b", "b5e0ab3dc16f42ef0c2e5ebf51db9f1e1aa734a68a4d26a2b475a289182b697f", "bf68431a9043b35aa0a18b865ecbb19ec19f8354488ea0b3b5d9ec33cb4c2be5", "e30199a9d221f1b26c885ff3d87fd08694dbbe18ed0e8e405a2a7126d30ce4c0", "ee0eb28ad9e9c0237954b4ca4c8a91cc2e98476c1dc9a1422310332518b0dd82"]
pyjwt = ["5c6eca3c2940464d106b99ba83b00c6add741c9becaec087fb7ccdefea71350e", "8d59a976fb773f3e6a39c85636357c4f0e242707394cadadd9814f5cbaa20e96"]
pynamodb = ["53f7d8704dec47388561aacc1cd9eef4bb038e18bcd4a80b5a6707f7e282e977", "c0937e2ae0ae4abc174115255e93136a7a28b512046911df1a9e6bc8cb52d7a4"]
pyparsing = ["6f98a7b9397e206d78cc01df10131398f1c8b8510a2f4d97d9abd82e1aacdd80", "d9338df12903bbf5d65a0e4e87c2161968b10d2e489652bb47001d82a9b028b4"]
pytest = ["8fc39199bdda3d9d025d3b1f4eb99a192c20828030ea7c9a0d2840721de7d347", "d100a02770f665f5dcf7e3f08202db29857fee6d15f34c942be0a511f39814f0"]
python-dateutil = ["891c38b2a02f5bb1be3e4793866c8df49c7d19baabf9c1bad62547e0b4866aca", "95511bae634d69bc7329ba55e646499a842bc4ec342ad54a8cdb65645a0aad3c"]
python-slugify = ["57a385df7a1c6dbd15f7666eaff0ff29d3f60363b228b1197c5308ed3ba5f824", "c3733135d3b184196fdb8844f6a74bbfb9cf6720d1dcce3254bdc434353f938f"]
pytz = ["26c0b32e437e54a18161324a2fca3c4b9846b74a8dccddd843113109e1116b32", "c894d57500a4cd2d5c71114aaab77dbab5eabd9022308ce5ac9bb93a60a6f0c7"]
pyyaml = ["0113bc0ec2ad727182326b61326afa3d1d8280ae1122493553fd6f4397f33df9", "01adf0b6c6f61bd11af6e10ca52b7d4057dd0be0343eb9283c878cf3af56aee4", "5124373960b0b3f4aa7df1707e63e9f109b5263eca5976c66e08b1c552d4eaf8", "5ca4f10adbddae56d824b2c09668e91219bb178a1eee1faa56af6f99f11bf696", "7907be34ffa3c5a32b60b95f4d95ea25361c951383a894fec31be7252b2b6f34", "7ec9b2a4ed5cad025c2278a1e6a19c011c80a3caaac804fd2d329e9cc2c287c9", "87ae4c829bb25b9fe99cf71fbb2140c448f534e24c998cc60f39ae4f94396a73", "9de9919becc9cc2ff03637872a440195ac4241c80536632fffeb6a1e25a74299", "a5a85b10e450c66b49f98846937e8cfca1db3127a9d5d1e31ca45c3d0bef4c5b", "b0997827b4f6a7c286c01c5f60384d218dca4ed7d9efa945c3e1aa623d5709ae", "b631ef96d3222e62861443cc89d6563ba3eeb816eeb96b2629345ab795e53681", "bf47c0607522fdbca6c9e817a6e81b08491de50f3766a7a0e6a5be7905961b41", "f81025eddd0327c7d4cfe9b62cf33190e1e736cc6e97502b3ec425f574b3e7a8"]
requests = ["11e007a8a2aa0323f5a921e9e6a2d7e4e67d9877e85773fba9ba6419025cbeb4", "9cf5292fcd0f598c671cfc1e0d7d1a7f13bb8085e9a590f48c010551dc6c4b31"]
requests-oauthlib = ["bd6533330e8748e94bf0b214775fed487d309b8b8fe823dc45641ebcd9a32f57", "d3ed0c8f2e3bbc6b344fa63d6f933745ab394469da38db16bdddb461c7e25140", "dd5a0499abfefd087c6dd96693cbd5bfd28aa009719a7f85ab3fabe3956ef19a"]
rsa = ["14ba45700ff1ec9eeb206a2ce76b32814958a98e372006c8fb76ba820211be66", "1a836406405730121ae9823e19c6e806c62bbad73f890574fff50efa4122c487"]
s3transfer = ["6efc926738a3cd576c2a79725fed9afde92378aa5c6a957e3af010cb019fac9d", "b780f2411b824cb541dbcd2c713d0cb61c7d1bcadae204cdddda2b35cef493ba"]
sentry-sdk = ["528f936118679e9a52dacb96bfefe20acb5d63e0797856c64a582cc3c2bc1f9e", "b4edcb1296fee107439345d0f8b23432b8732b7e28407f928367d0a4a36301a9"]
shortuuid = ["d08fd398f40f8baf87e15eef8355e92fa541bca4eb8465fefab7ee22f92711b9"]
six = ["3350809f0555b11f552448330d0b52d5f24c91a322ea4a15ef22629740f3761c", "d16a0141ec1a18405cd4ce8b4613101da75da0e9a7aec5bdd4fa804d0e0eba73"]
stripe = ["7c659529b2881cbe9f3ee5187234d71432be3d53b13be4ac3282bce8915abf66", "9000f4a6a5f83a6ab0acff07d029723df91f6a242481841d84cff00b8a1aa408"]
toml = ["229f81c57791a41d65e399fc06bf0848bab550a9dfd5ed66df18ce5f05e73d5c", "235682dd292d5899d361a811df37e04a8828a5b1da3115886b73cf81ebc9100e", "f1db651f9657708513243e61e6cc67d101a39bad662eaa9b5546f789338e07a3"]
tqdm = ["ba650e08b8b102923a05896bf9d7e1c9cdc20b484156df0511a4bbf1f6b6f89b", "fa6d2ea6285f56e75d7efe9259805deadc450f16066a1f82ad0629ea9be2cd0f"]
troposphere = ["2a0ab9f02fd28ca3c38ba363c1774ca672afab24558d6024a8145a107980b747"]
typedload = ["0d3995ae7e71c34227f7bb0ef86ae66796eb1499e931c597e3ff8c79493d144c"]
unidecode = ["1d7a042116536098d05d599ef2b8616759f02985c85b4fef50c78a5aaf10822a", "2b6aab710c2a1647e928e36d69c21e76b453cd455f4e2621000e54b2a9b8cce8"]
urllib3 = ["b246607a25ac80bedac05c6f282e3cdaf3afb65420fd024ac94435cabe6e18d1", "dbe59173209418ae49d485b87d1681aefa36252ee85884c31346debd19463232"]
wcwidth = ["3df37372226d6e63e1b1e1eda15c594bca98a22d33a23832a90998faa96bc65e", "f4ebe71925af7b40a864553f761ed559b43544f8f71746c2d756c7fe788ade7c"]
werkzeug = ["00d32beac38fcd48d329566f80d39f10ec2ed994efbecfb8dd4b320062d05902", "0a24d43be6a7dce81bae05292356176d6c46d63e42a0dd3f9504b210a9cfaa43"]
wheel = ["10c9da68765315ed98850f8e048347c3eb06dd81822dc2ab1d4fde9dc9702646", "f4da1763d3becf2e2cd92a14a7c920f0f00eca30fdde9ea992c836685b9faf28"]
wsgi-request-logger = ["445d7ec52799562f812006394d0b4a7064b37084c6ea6bd74ea7a2136c97ed83"]
zappa = ["621209ceaf2cf5fcc18ed6bb6cf53aeb2315e38989a6929cbb49c66b5454d656", "86b125c0e9696b177f61bf636ab19ead7aba1bb9281cdba0651825358337008e", "b7a04172407cdb9277cb166b42920d3c5d745fd50204d1ce7f42769e61b6649e"]
zipp = ["3718b1cbcd963c7d4c5511a8240812904164b7f381b647143a89d3b98f9bcd8e", "f06903e9f1f43b12d371004b4ac7b06ab39a44adc747266928ae6debfa7b3335"]
